
Microsoft Visual Studio Solution File, Format Version 12.00
# Visual Studio Version 17
VisualStudioVersion = 17.4.33213.308
MinimumVisualStudioVersion = 10.0.40219.1
Project("{FAE04EC0-301F-11D3-BF4B-00C04F79EFBC}") = "MVSNChallenge", "MVSNChallenge\MVSNChallenge.csproj", "{614E7F5D-3025-45DA-B82D-6A196F09F047}"
EndProject
Global
	GlobalSection(SolutionConfigurationPlatforms) = preSolution
		Debug|Any CPU = Debug|Any CPU
		Release|Any CPU = Release|Any CPU
	EndGlobalSection
	GlobalSection(ProjectConfigurationPlatforms) = postSolution
		{614E7F5D-3025-45DA-B82D-6A196F09F047}.Debug|Any CPU.ActiveCfg = Debug|Any CPU
		{614E7F5D-3025-45DA-B82D-6A196F09F047}.Debug|Any CPU.Build.0 = Debug|Any CPU
		{614E7F5D-3025-45DA-B82D-6A196F09F047}.Release|Any CPU.ActiveCfg = Release|Any CPU
		{614E7F5D-3025-45DA-B82D-6A196F09F047}.Release|Any CPU.Build.0 = Release|Any CPU
	EndGlobalSection
	GlobalSection(SolutionProperties) = preSolution
		HideSolutionNode = FALSE
	EndGlobalSection
	GlobalSection(ExtensibilityGlobals) = postSolution
		SolutionGuid = {B49B4345-D23A-4476-88EE-62E1882F768F}
	EndGlobalSection
EndGlobal
